Microsoft Visual Studio Solution File, Format Version 10.00
# Visual Studio 2008
Project("{F184B08F-C81C-45F6-A57F-5ABD9991F28F}") = "InitNewRowWhenEditing", "InitNewRowWhenEditing\InitNewRowWhenEditing.vbproj", "{ED0DC75B-0081-4DD9-88F5-5B89AA5F44B7}"
EndProject
Global
	GlobalSection(SolutionConfigurationPlatforms) = preSolution
		Debug|Any CPU = Debug|Any CPU
		Release|Any CPU = Release|Any CPU
	EndGlobalSection
	GlobalSection(ProjectConfigurationPlatforms) = postSolution
		{ED0DC75B-0081-4DD9-88F5-5B89AA5F44B7}.Debug|Any CPU.ActiveCfg = Debug|Any CPU
		{ED0DC75B-0081-4DD9-88F5-5B89AA5F44B7}.Debug|Any CPU.Build.0 = Debug|Any CPU
		{ED0DC75B-0081-4DD9-88F5-5B89AA5F44B7}.Release|Any CPU.ActiveCfg = Release|Any CPU
		{ED0DC75B-0081-4DD9-88F5-5B89AA5F44B7}.Release|Any CPU.Build.0 = Release|Any CPU
	EndGlobalSection
	GlobalSection(SolutionProperties) = preSolution
		HideSolutionNode = FALSE
	EndGlobalSection
EndGlobal
